
Microsoft Visual Studio Solution File, Format Version 12.00
# Visual Studio 15
VisualStudioVersion = 15.0.28307.168
MinimumVisualStudioVersion = 10.0.40219.1
Project("{8BC9CEB8-8B4A-11D0-8D11-00A0C91BC942}") = "smart_pointer", "smart_pointer\smart_pointer.vcxproj", "{7665F1DF-FD19-46F4-BE19-E79613281BA7}"
EndProject
Project("{8BC9CEB8-8B4A-11D0-8D11-00A0C91BC942}") = "stl_study", "stl_study\stl_study.vcxproj", "{111EE4C0-C151-4232-84C4-E7FD43703921}"
EndProject
Project("{8BC9CEB8-8B4A-11D0-8D11-00A0C91BC942}") = "complex_string", "complex_string\complex_string.vcxproj", "{A9F89DA9-439F-41FA-8D1B-F61B1CFD6B99}"
EndProject
Project("{8BC9CEB8-8B4A-11D0-8D11-00A0C91BC942}") = "my_game", "my_game\my_game.vcxproj", "{C834EFD7-ECDB-47F1-ABA5-ADC95F6D895D}"
EndProject
Project("{8BC9CEB8-8B4A-11D0-8D11-00A0C91BC942}") = "filter_functions", "filter_functions\filter_functions.vcxproj", "{471C61EA-D61F-4E72-9169-89EB51FB3069}"
EndProject
Project("{8BC9CEB8-8B4A-11D0-8D11-00A0C91BC942}") = "covMatrix", "covMatrix\covMatrix.vcxproj", "{1074A7CD-45F9-4671-8F0F-5C17B971945A}"
EndProject
Project("{8BC9CEB8-8B4A-11D0-8D11-00A0C91BC942}") = "houjie_stl", "houjie_stl\houjie_stl.vcxproj", "{AA93A321-AD29-47F4-A2FD-FE17F6AE1D79}"
EndProject
Global
	GlobalSection(SolutionConfigurationPlatforms) = preSolution
		Debug|x64 = Debug|x64
		Debug|x86 = Debug|x86
		Release|x64 = Release|x64
		Release|x86 = Release|x86
	EndGlobalSection
	GlobalSection(ProjectConfigurationPlatforms) = postSolution
		{7665F1DF-FD19-46F4-BE19-E79613281BA7}.Debug|x64.ActiveCfg = Debug|x64
		{7665F1DF-FD19-46F4-BE19-E79613281BA7}.Debug|x64.Build.0 = Debug|x64
		{7665F1DF-FD19-46F4-BE19-E79613281BA7}.Debug|x86.ActiveCfg = Debug|Win32
		{7665F1DF-FD19-46F4-BE19-E79613281BA7}.Debug|x86.Build.0 = Debug|Win32
		{7665F1DF-FD19-46F4-BE19-E79613281BA7}.Release|x64.ActiveCfg = Release|x64
		{7665F1DF-FD19-46F4-BE19-E79613281BA7}.Release|x64.Build.0 = Release|x64
		{7665F1DF-FD19-46F4-BE19-E79613281BA7}.Release|x86.ActiveCfg = Release|Win32
		{7665F1DF-FD19-46F4-BE19-E79613281BA7}.Release|x86.Build.0 = Release|Win32
		{111EE4C0-C151-4232-84C4-E7FD43703921}.Debug|x64.ActiveCfg = Debug|x64
		{111EE4C0-C151-4232-84C4-E7FD43703921}.Debug|x64.Build.0 = Debug|x64
		{111EE4C0-C151-4232-84C4-E7FD43703921}.Debug|x86.ActiveCfg = Debug|Win32
		{111EE4C0-C151-4232-84C4-E7FD43703921}.Debug|x86.Build.0 = Debug|Win32
		{111EE4C0-C151-4232-84C4-E7FD43703921}.Release|x64.ActiveCfg = Release|x64
		{111EE4C0-C151-4232-84C4-E7FD43703921}.Release|x64.Build.0 = Release|x64
		{111EE4C0-C151-4232-84C4-E7FD43703921}.Release|x86.ActiveCfg = Release|Win32
		{111EE4C0-C151-4232-84C4-E7FD43703921}.Release|x86.Build.0 = Release|Win32
		{A9F89DA9-439F-41FA-8D1B-F61B1CFD6B99}.Debug|x64.ActiveCfg = Debug|x64
		{A9F89DA9-439F-41FA-8D1B-F61B1CFD6B99}.Debug|x64.Build.0 = Debug|x64
		{A9F89DA9-439F-41FA-8D1B-F61B1CFD6B99}.Debug|x86.ActiveCfg = Debug|Win32
		{A9F89DA9-439F-41FA-8D1B-F61B1CFD6B99}.Debug|x86.Build.0 = Debug|Win32
		{A9F89DA9-439F-41FA-8D1B-F61B1CFD6B99}.Release|x64.ActiveCfg = Release|x64
		{A9F89DA9-439F-41FA-8D1B-F61B1CFD6B99}.Release|x64.Build.0 = Release|x64
		{A9F89DA9-439F-41FA-8D1B-F61B1CFD6B99}.Release|x86.ActiveCfg = Release|Win32
		{A9F89DA9-439F-41FA-8D1B-F61B1CFD6B99}.Release|x86.Build.0 = Release|Win32
		{C834EFD7-ECDB-47F1-ABA5-ADC95F6D895D}.Debug|x64.ActiveCfg = Debug|x64
		{C834EFD7-ECDB-47F1-ABA5-ADC95F6D895D}.Debug|x64.Build.0 = Debug|x64
		{C834EFD7-ECDB-47F1-ABA5-ADC95F6D895D}.Debug|x86.ActiveCfg = Debug|Win32
		{C834EFD7-ECDB-47F1-ABA5-ADC95F6D895D}.Debug|x86.Build.0 = Debug|Win32
		{C834EFD7-ECDB-47F1-ABA5-ADC95F6D895D}.Release|x64.ActiveCfg = Release|x64
		{C834EFD7-ECDB-47F1-ABA5-ADC95F6D895D}.Release|x64.Build.0 = Release|x64
		{C834EFD7-ECDB-47F1-ABA5-ADC95F6D895D}.Release|x86.ActiveCfg = Release|Win32
		{C834EFD7-ECDB-47F1-ABA5-ADC95F6D895D}.Release|x86.Build.0 = Release|Win32
		{471C61EA-D61F-4E72-9169-89EB51FB3069}.Debug|x64.ActiveCfg = Debug|x64
		{471C61EA-D61F-4E72-9169-89EB51FB3069}.Debug|x64.Build.0 = Debug|x64
		{471C61EA-D61F-4E72-9169-89EB51FB3069}.Debug|x86.ActiveCfg = Debug|Win32
		{471C61EA-D61F-4E72-9169-89EB51FB3069}.Debug|x86.Build.0 = Debug|Win32
		{471C61EA-D61F-4E72-9169-89EB51FB3069}.Release|x64.ActiveCfg = Release|x64
		{471C61EA-D61F-4E72-9169-89EB51FB3069}.Release|x64.Build.0 = Release|x64
		{471C61EA-D61F-4E72-9169-89EB51FB3069}.Release|x86.ActiveCfg = Release|Win32
		{471C61EA-D61F-4E72-9169-89EB51FB3069}.Release|x86.Build.0 = Release|Win32
		{1074A7CD-45F9-4671-8F0F-5C17B971945A}.Debug|x64.ActiveCfg = Debug|x64
		{1074A7CD-45F9-4671-8F0F-5C17B971945A}.Debug|x64.Build.0 = Debug|x64
		{1074A7CD-45F9-4671-8F0F-5C17B971945A}.Debug|x86.ActiveCfg = Debug|Win32
		{1074A7CD-45F9-4671-8F0F-5C17B971945A}.Debug|x86.Build.0 = Debug|Win32
		{1074A7CD-45F9-4671-8F0F-5C17B971945A}.Release|x64.ActiveCfg = Release|x64
		{1074A7CD-45F9-4671-8F0F-5C17B971945A}.Release|x64.Build.0 = Release|x64
		{1074A7CD-45F9-4671-8F0F-5C17B971945A}.Release|x86.ActiveCfg = Release|Win32
		{1074A7CD-45F9-4671-8F0F-5C17B971945A}.Release|x86.Build.0 = Release|Win32
		{AA93A321-AD29-47F4-A2FD-FE17F6AE1D79}.Debug|x64.ActiveCfg = Debug|x64
		{AA93A321-AD29-47F4-A2FD-FE17F6AE1D79}.Debug|x64.Build.0 = Debug|x64
		{AA93A321-AD29-47F4-A2FD-FE17F6AE1D79}.Debug|x86.ActiveCfg = Debug|Win32
		{AA93A321-AD29-47F4-A2FD-FE17F6AE1D79}.Debug|x86.Build.0 = Debug|Win32
		{AA93A321-AD29-47F4-A2FD-FE17F6AE1D79}.Release|x64.ActiveCfg = Release|x64
		{AA93A321-AD29-47F4-A2FD-FE17F6AE1D79}.Release|x64.Build.0 = Release|x64
		{AA93A321-AD29-47F4-A2FD-FE17F6AE1D79}.Release|x86.ActiveCfg = Release|Win32
		{AA93A321-AD29-47F4-A2FD-FE17F6AE1D79}.Release|x86.Build.0 = Release|Win32
	EndGlobalSection
	GlobalSection(SolutionProperties) = preSolution
		HideSolutionNode = FALSE
	EndGlobalSection
	GlobalSection(ExtensibilityGlobals) = postSolution
		SolutionGuid = {ADAE0E81-793F-4E49-A808-D7DA77DAF996}
	EndGlobalSection
EndGlobal
